
Microsoft Visual Studio Solution File, Format Version 12.00
# Visual Studio 15
VisualStudioVersion = 15.0.28307.572
MinimumVisualStudioVersion = 10.0.40219.1
Project("{F184B08F-C81C-45F6-A57F-5ABD9991F28F}") = "3xploit", "Drhazem\3xploit.vbproj", "{8414F99D-6E8B-49F9-8655-BA60542FC354}"
EndProject
Global
	GlobalSection(SolutionConfigurationPlatforms) = preSolution
		Debug|Any CPU = Debug|Any CPU
		Release|Any CPU = Release|Any CPU
	EndGlobalSection
	GlobalSection(ProjectConfigurationPlatforms) = postSolution
		{8414F99D-6E8B-49F9-8655-BA60542FC354}.Debug|Any CPU.ActiveCfg = Debug|Any CPU
		{8414F99D-6E8B-49F9-8655-BA60542FC354}.Debug|Any CPU.Build.0 = Debug|Any CPU
		{8414F99D-6E8B-49F9-8655-BA60542FC354}.Release|Any CPU.ActiveCfg = Release|Any CPU
		{8414F99D-6E8B-49F9-8655-BA60542FC354}.Release|Any CPU.Build.0 = Release|Any CPU
	EndGlobalSection
	GlobalSection(SolutionProperties) = preSolution
		HideSolutionNode = FALSE
	EndGlobalSection
	GlobalSection(ExtensibilityGlobals) = postSolution
		SolutionGuid = {0CA7F690-30C2-42CD-A0E6-FF7DB2069F30}
	EndGlobalSection
EndGlobal
